{
  "version": "5",
  "specifiers": {
    "jsr:@supabase/functions-js@*": "2.107.0"
  },
  "jsr": {
    "@supabase/functions-js@2.107.0": {
      "integrity": "8bc791c05732fe5c923096e9b442135bd0f9fbacbd40a9dd7470f4e03b941387"
    }
  },
  "redirects": {
    "https://esm.sh/@supabase/phoenix@^0.4.2?target=denonext": "https://esm.sh/@supabase/phoenix@0.4.2?target=denonext",
    "https://esm.sh/@supabase/supabase-js@2": "https://esm.sh/@supabase/supabase-js@2.107.0",
    "https://esm.sh/iceberg-js@^0.8.1?target=denonext": "https://esm.sh/iceberg-js@0.8.1?target=denonext"
  },
  "remote": {
    "https://esm.sh/@supabase/auth-js@2.107.0/denonext/auth-js.mjs": "9efe355f7937a2692d2925121a82786f8b7d074279150a60810c0b86dbc36432",
    "https://esm.sh/@supabase/functions-js@2.107.0/denonext/functions-js.mjs": "5ed82ece0109721791d2669883783d3f5b253045ec369cc7621dd70b7ed5486f",
    "https://esm.sh/@supabase/phoenix@0.4.2/denonext/phoenix.mjs": "8099a9b1277ec1776f0d0ae15e35be72b87b541a3f787b5477a11b546c8d62a9",
    "https://esm.sh/@supabase/phoenix@0.4.2?target=denonext": "0790ada96f524af71c1af9a3f01b5517bd6e90e9e7e22e4c5436b92bc1534e8d",
    "https://esm.sh/@supabase/postgrest-js@2.107.0/denonext/postgrest-js.mjs": "78a4bf182692c1da5d74fb82a0ed8f0ba87fb1664a6b6d6062b6d29255537102",
    "https://esm.sh/@supabase/realtime-js@2.107.0/denonext/realtime-js.mjs": "86b97f358bae4a284d1f23793f626f9a06de20f643e9dc7a1dfac46bd027554e",
    "https://esm.sh/@supabase/storage-js@2.107.0/denonext/storage-js.mjs": "59c5ca251b6d86e4a34fa4c203fe770953706a75e4e4f83fabbda3c71b0d797e",
    "https://esm.sh/@supabase/supabase-js@2.107.0": "8caa09b0223684d83cfa273de2946af25430d7ca8e5320b721226a0c7a8c6e98",
    "https://esm.sh/@supabase/supabase-js@2.107.0/denonext/supabase-js.mjs": "484b307b403bef3c8548960afbb580706542dc9d0153095f7b2c59e860cde300",
    "https://esm.sh/iceberg-js@0.8.1/denonext/iceberg-js.mjs": "d839d81a2e3966500ca2cdd0c1cb458e9608bacfc91f7bb67a69b2e878dcdb4f",
    "https://esm.sh/iceberg-js@0.8.1?target=denonext": "58c849d7fe2bf4eca4a84eb501e83c161a7d8c34ca1bec15a962b3bec3062633",
    "https://esm.sh/tslib@2.8.1/denonext/tslib.mjs": "c38da5dd6da6281964435002ce204cd586634fe3bdfb24a0ee116f48cf3292e9"
  },
  "workspace": {
    "packageJson": {
      "dependencies": [
        "npm:@capacitor/android@8",
        "npm:@capacitor/app@8",
        "npm:@capacitor/browser@^8.0.3",
        "npm:@capacitor/camera@8",
        "npm:@capacitor/cli@8",
        "npm:@capacitor/core@^8.3.0",
        "npm:@capacitor/geolocation@8",
        "npm:@capacitor/haptics@^8.0.2",
        "npm:@capacitor/keyboard@^8.0.2",
        "npm:@capacitor/local-notifications@8",
        "npm:@capacitor/push-notifications@8",
        "npm:@capacitor/screen-orientation@^8.0.1",
        "npm:@capacitor/splash-screen@8",
        "npm:@capacitor/status-bar@8",
        "npm:@capgo/capacitor-social-login@^8.3.22",
        "npm:@dnd-kit/core@^6.3.1",
        "npm:@dnd-kit/sortable@10",
        "npm:@dnd-kit/utilities@^3.2.2",
        "npm:@eslint/js@^9.32.0",
        "npm:@hookform/resolvers@^3.10.0",
        "npm:@radix-ui/react-accordion@^1.2.11",
        "npm:@radix-ui/react-alert-dialog@^1.1.14",
        "npm:@radix-ui/react-aspect-ratio@^1.1.7",
        "npm:@radix-ui/react-avatar@^1.1.10",
        "npm:@radix-ui/react-checkbox@^1.3.2",
        "npm:@radix-ui/react-collapsible@^1.1.11",
        "npm:@radix-ui/react-context-menu@^2.2.15",
        "npm:@radix-ui/react-dialog@^1.1.14",
        "npm:@radix-ui/react-dropdown-menu@^2.1.15",
        "npm:@radix-ui/react-hover-card@^1.1.14",
        "npm:@radix-ui/react-label@^2.1.7",
        "npm:@radix-ui/react-menubar@^1.1.15",
        "npm:@radix-ui/react-navigation-menu@^1.2.13",
        "npm:@radix-ui/react-popover@^1.1.14",
        "npm:@radix-ui/react-progress@^1.1.7",
        "npm:@radix-ui/react-radio-group@^1.3.7",
        "npm:@radix-ui/react-scroll-area@^1.2.9",
        "npm:@radix-ui/react-select@^2.2.5",
        "npm:@radix-ui/react-separator@^1.1.7",
        "npm:@radix-ui/react-slider@^1.3.5",
        "npm:@radix-ui/react-slot@^1.2.3",
        "npm:@radix-ui/react-switch@^1.2.5",
        "npm:@radix-ui/react-tabs@^1.1.12",
        "npm:@radix-ui/react-toast@^1.2.14",
        "npm:@radix-ui/react-toggle-group@^1.1.10",
        "npm:@radix-ui/react-toggle@^1.1.9",
        "npm:@radix-ui/react-tooltip@^1.2.7",
        "npm:@supabase/auth-js@2.100.1",
        "npm:@supabase/supabase-js@^2.100.1",
        "npm:@tailwindcss/typography@~0.5.16",
        "npm:@tanstack/react-query@^5.83.0",
        "npm:@testing-library/jest-dom@^6.6.0",
        "npm:@testing-library/react@16",
        "npm:@types/node@^22.16.5",
        "npm:@types/react-datepicker@^6.2.0",
        "npm:@types/react-dom@^18.3.7",
        "npm:@types/react@^18.3.23",
        "npm:@vitejs/plugin-react-swc@^3.11.0",
        "npm:autoprefixer@^10.4.21",
        "npm:canvas-confetti@^1.9.4",
        "npm:class-variance-authority@~0.7.1",
        "npm:clsx@^2.1.1",
        "npm:cmdk@^1.1.1",
        "npm:date-fns@^3.6.0",
        "npm:embla-carousel-react@^8.6.0",
        "npm:eslint-plugin-react-hooks@^5.2.0",
        "npm:eslint-plugin-react-refresh@~0.4.20",
        "npm:eslint@^9.32.0",
        "npm:globals@^15.15.0",
        "npm:i18next@^25.10.10",
        "npm:input-otp@^1.4.2",
        "npm:jsdom@^20.0.3",
        "npm:jspdf-autotable@^5.0.7",
        "npm:jspdf@^4.2.1",
        "npm:lenis@^1.3.21",
        "npm:lovable-tagger@^1.1.13",
        "npm:lucide-react@0.462",
        "npm:next-themes@0.3",
        "npm:pdf-lib@^1.17.1",
        "npm:postcss@^8.5.6",
        "npm:react-datepicker@^9.1.0",
        "npm:react-day-picker@^8.10.1",
        "npm:react-dom@^18.3.1",
        "npm:react-hook-form@^7.61.1",
        "npm:react-i18next@17",
        "npm:react-markdown@^10.1.0",
        "npm:react-resizable-panels@^2.1.9",
        "npm:react-router-dom@^6.30.1",
        "npm:react-select@^5.10.2",
        "npm:react-webcam@^7.2.0",
        "npm:react@^18.3.1",
        "npm:recharts@^2.15.4",
        "npm:remark-gfm@^4.0.1",
        "npm:sharp@~0.34.1",
        "npm:sonner@^1.7.4",
        "npm:tailwind-merge@^2.6.0",
        "npm:tailwindcss-animate@^1.0.7",
        "npm:tailwindcss@^3.4.17",
        "npm:typescript-eslint@^8.38.0",
        "npm:typescript@^5.8.3",
        "npm:vaul@~0.9.9",
        "npm:vite-plugin-pwa@~0.21.2",
        "npm:vite@^5.4.19",
        "npm:vitest@^3.2.4",
        "npm:xlsx@~0.18.5",
        "npm:zod@^3.25.76"
      ]
    }
  }
}
